// !$*UTF8*$!
{
	archiveVersion = 1;
	classes = {
	};
	objectVersion = 77;
	objects = {

/* Begin PBXContainerItemProxy section */
		1BB9BF662CCD3710000F35FB /* PBXContainerItemProxy */ = {
			isa = PBXContainerItemProxy;
			containerPortal = 1BB9BF4D2CCD370E000F35FB /* Project object */;
			proxyType = 1;
			remoteGlobalIDString = 1BB9BF542CCD370E000F35FB;
			remoteInfo = RandomEarTraining;
		};
		1BB9BF702CCD3710000F35FB /* PBXContainerItemProxy */ = {
			isa = PBXContainerItemProxy;
			containerPortal = 1BB9BF4D2CCD370E000F35FB /* Project object */;
			proxyType = 1;
			remoteGlobalIDString = 1BB9BF542CCD370E000F35FB;
			remoteInfo = RandomEarTraining;
		};
/* End PBXContainerItemProxy section */

/* Begin PBXFileReference section */
		1BB9BF552CCD370E000F35FB /* RandomEarTraining.app */ = {isa = PBXFileReference; explicitFileType = wrapper.application; includeInIndex = 0; path = RandomEarTraining.app; sourceTree = BUILT_PRODUCTS_DIR; };
		1BB9BF652CCD3710000F35FB /* RandomEarTrainingTests.xctest */ = {isa = PBXFileReference; explicitFileType = wrapper.cfbundle; includeInIndex = 0; path = RandomEarTrainingTests.xctest; sourceTree = BUILT_PRODUCTS_DIR; };
		1BB9BF6F2CCD3710000F35FB /* RandomEarTrainingUITests.xctest */ = {isa = PBXFileReference; explicitFileType = wrapper.cfbundle; includeInIndex = 0; path = RandomEarTrainingUITests.xctest; sourceTree = BUILT_PRODUCTS_DIR; };
/* End PBXFileReference section */

/* Begin PBXFileSystemSynchronizedRootGroup section */
		1BB9BF572CCD370E000F35FB /* RandomEarTraining */ = {
			isa = PBXFileSystemSynchronizedRootGroup;
			path = RandomEarTraining;
			sourceTree = "<group>";
		};
		1BB9BF682CCD3710000F35FB /* RandomEarTrainingTests */ = {
			isa = PBXFileSystemSynchronizedRootGroup;
			path = RandomEarTrainingTests;
			sourceTree = "<group>";
		};
		1BB9BF722CCD3710000F35FB /* RandomEarTrainingUITests */ = {
			isa = PBXFileSystemSynchronizedRootGroup;
			path = RandomEarTrainingUITests;
			sourceTree = "<group>";
		};
/* End PBXFileSystemSynchronizedRootGroup section */

/* Begin PBXFrameworksBuildPhase section */
		1BB9BF522CCD370E000F35FB /* Frameworks */ = {
			isa = PBXFrameworksBuildPhase;
			buildActionMask = 2147483647;
			files = (
			);
			runOnlyForDeploymentPostprocessing = 0;
		};
		1BB9BF622CCD3710000F35FB /* Frameworks */ = {
			isa = PBXFrameworksBuildPhase;
			buildActionMask = 2147483647;
			files = (
			);
			runOnlyForDeploymentPostprocessing = 0;
		};
		1BB9BF6C2CCD3710000F35FB /* Frameworks */ = {
			isa = PBXFrameworksBuildPhase;
			buildActionMask = 2147483647;
			files = (
			);
			runOnlyForDeploymentPostprocessing = 0;
		};
/* End PBXFrameworksBuildPhase section */

/* Begin PBXGroup section */
		1BB9BF4C2CCD370E000F35FB = {
			isa = PBXGroup;
			children = (
				1BB9BF572CCD370E000F35FB /* RandomEarTraining */,
				1BB9BF682CCD3710000F35FB /* RandomEarTrainingTests */,
				1BB9BF722CCD3710000F35FB /* RandomEarTrainingUITests */,
				1BB9BF562CCD370E000F35FB /* Products */,
			);
			sourceTree = "<group>";
		};
		1BB9BF562CCD370E000F35FB /* Products */ = {
			isa = PBXGroup;
			children = (
				1BB9BF552CCD370E000F35FB /* RandomEarTraining.app */,
				1BB9BF652CCD3710000F35FB /* RandomEarTrainingTests.xctest */,
				1BB9BF6F2CCD3710000F35FB /* RandomEarTrainingUITests.xctest */,
			);
			name = Products;
			sourceTree = "<group>";
		};
/* End PBXGroup section */

/* Begin PBXNativeTarget section */
		1BB9BF542CCD370E000F35FB /* RandomEarTraining */ = {
			isa = PBXNativeTarget;
			buildConfigurationList = 1BB9BF792CCD3710000F35FB /* Build configuration list for PBXNativeTarget "RandomEarTraining" */;
			buildPhases = (
				1BB9BF512CCD370E000F35FB /* Sources */,
				1BB9BF522CCD370E000F35FB /* Frameworks */,
				1BB9BF532CCD370E000F35FB /* Resources */,
			);
			buildRules = (
			);
			dependencies = (
			);
			fileSystemSynchronizedGroups = (
				1BB9BF572CCD370E000F35FB /* RandomEarTraining */,
			);
			name = RandomEarTraining;
			packageProductDependencies = (
			);
			productName = RandomEarTraining;
			productReference = 1BB9BF552CCD370E000F35FB /* RandomEarTraining.app */;
			productType = "com.apple.product-type.application";
		};
		1BB9BF642CCD3710000F35FB /* RandomEarTrainingTests */ = {
			isa = PBXNativeTarget;
			buildConfigurationList = 1BB9BF7C2CCD3710000F35FB /* Build configuration list for PBXNativeTarget "RandomEarTrainingTests" */;
			buildPhases = (
				1BB9BF612CCD3710000F35FB /* Sources */,
				1BB9BF622CCD3710000F35FB /* Frameworks */,
				1BB9BF632CCD3710000F35FB /* Resources */,
			);
			buildRules = (
			);
			dependencies = (
				1BB9BF672CCD3710000F35FB /* PBXTargetDependency */,
			);
			fileSystemSynchronizedGroups = (
				1BB9BF682CCD3710000F35FB /* RandomEarTrainingTests */,
			);
			name = RandomEarTrainingTests;
			packageProductDependencies = (
			);
			productName = RandomEarTrainingTests;
			productReference = 1BB9BF652CCD3710000F35FB /* RandomEarTrainingTests.xctest */;
			productType = "com.apple.product-type.bundle.unit-test";
		};
		1BB9BF6E2CCD3710000F35FB /* RandomEarTrainingUITests */ = {
			isa = PBXNativeTarget;
			buildConfigurationList = 1BB9BF7F2CCD3710000F35FB /* Build configuration list for PBXNativeTarget "RandomEarTrainingUITests" */;
			buildPhases = (
				1BB9BF6B2CCD3710000F35FB /* Sources */,
				1BB9BF6C2CCD3710000F35FB /* Frameworks */,
				1BB9BF6D2CCD3710000F35FB /* Resources */,
			);
			buildRules = (
			);
			dependencies = (
				1BB9BF712CCD3710000F35FB /* PBXTargetDependency */,
			);
			fileSystemSynchronizedGroups = (
				1BB9BF722CCD3710000F35FB /* RandomEarTrainingUITests */,
			);
			name = RandomEarTrainingUITests;
			packageProductDependencies = (
			);
			productName = RandomEarTrainingUITests;
			productReference = 1BB9BF6F2CCD3710000F35FB /* RandomEarTrainingUITests.xctest */;
			productType = "com.apple.product-type.bundle.ui-testing";
		};
/* End PBXNativeTarget section */

/* Begin PBXProject section */
		1BB9BF4D2CCD370E000F35FB /* Project object */ = {
			isa = PBXProject;
			attributes = {
				BuildIndependentTargetsInParallel = 1;
				LastSwiftUpdateCheck = 1600;
				LastUpgradeCheck = 1600;
				TargetAttributes = {
					1BB9BF542CCD370E000F35FB = {
						CreatedOnToolsVersion = 16.0;
					};
					1BB9BF642CCD3710000F35FB = {
						CreatedOnToolsVersion = 16.0;
						TestTargetID = 1BB9BF542CCD370E000F35FB;
					};
					1BB9BF6E2CCD3710000F35FB = {
						CreatedOnToolsVersion = 16.0;
						TestTargetID = 1BB9BF542CCD370E000F35FB;
					};
				};
			};
			buildConfigurationList = 1BB9BF502CCD370E000F35FB /* Build configuration list for PBXProject "RandomEarTraining" */;
			developmentRegion = en;
			hasScannedForEncodings = 0;
			knownRegions = (
				en,
				Base,
			);
			mainGroup = 1BB9BF4C2CCD370E000F35FB;
			minimizedProjectReferenceProxies = 1;
			preferredProjectObjectVersion = 77;
			productRefGroup = 1BB9BF562CCD370E000F35FB /* Products */;
			projectDirPath = "";
			projectRoot = "";
			targets = (
				1BB9BF542CCD370E000F35FB /* RandomEarTraining */,
				1BB9BF642CCD3710000F35FB /* RandomEarTrainingTests */,
				1BB9BF6E2CCD3710000F35FB /* RandomEarTrainingUITests */,
			);
		};
/* End PBXProject section */

/* Begin PBXResourcesBuildPhase section */
		1BB9BF532CCD370E000F35FB /* Resources */ = {
			isa = PBXResourcesBuildPhase;
			buildActionMask = 2147483647;
			files = (
			);
			runOnlyForDeploymentPostprocessing = 0;
		};
		1BB9BF632CCD3710000F35FB /* Resources */ = {
			isa = PBXResourcesBuildPhase;
			buildActionMask = 2147483647;
			files = (
			);
			runOnlyForDeploymentPostprocessing = 0;
		};
		1BB9BF6D2CCD3710000F35FB /* Resources */ = {
			isa = PBXResourcesBuildPhase;
			buildActionMask = 2147483647;
			files = (
			);
			runOnlyForDeploymentPostprocessing = 0;
		};
/* End PBXResourcesBuildPhase section */

/* Begin PBXSourcesBuildPhase section */
		1BB9BF512CCD370E000F35FB /* Sources */ = {
			isa = PBXSourcesBuildPhase;
			buildActionMask = 2147483647;
			files = (
			);
			runOnlyForDeploymentPostprocessing = 0;
		};
		1BB9BF612CCD3710000F35FB /* Sources */ = {
			isa = PBXSourcesBuildPhase;
			buildActionMask = 2147483647;
			files = (
			);
			runOnlyForDeploymentPostprocessing = 0;
		};
		1BB9BF6B2CCD3710000F35FB /* Sources */ = {
			isa = PBXSourcesBuildPhase;
			buildActionMask = 2147483647;
			files = (
			);
			runOnlyForDeploymentPostprocessing = 0;
		};
/* End PBXSourcesBuildPhase section */

/* Begin PBXTargetDependency section */
		1BB9BF672CCD3710000F35FB /* PBXTargetDependency */ = {
			isa = PBXTargetDependency;
			target = 1BB9BF542CCD370E000F35FB /* RandomEarTraining */;
			targetProxy = 1BB9BF662CCD3710000F35FB /* PBXContainerItemProxy */;
		};
		1BB9BF712CCD3710000F35FB /* PBXTargetDependency */ = {
			isa = PBXTargetDependency;
			target = 1BB9BF542CCD370E000F35FB /* RandomEarTraining */;
			targetProxy = 1BB9BF702CCD3710000F35FB /* PBXContainerItemProxy */;
		};
/* End PBXTargetDependency section */

/* Begin XCBuildConfiguration section */
		1BB9BF772CCD3710000F35FB /* Debug */ = {
			isa = XCBuildConfiguration;
			buildSettings = {
				ALWAYS_SEARCH_USER_PATHS = NO;
				ASSETCATALOG_COMPILER_GENERATE_SWIFT_ASSET_SYMBOL_EXTENSIONS = YES;
				CLANG_ANALYZER_NONNULL = YES;
				CLANG_ANALYZER_NUMBER_OBJECT_CONVERSION = YES_AGGRESSIVE;
				CLANG_CXX_LANGUAGE_STANDARD = "gnu++20";
				CLANG_ENABLE_MODULES = YES;
				CLANG_ENABLE_OBJC_ARC = YES;
				CLANG_ENABLE_OBJC_WEAK = YES;
				CLANG_WARN_BLOCK_CAPTURE_AUTORELEASING = YES;
				CLANG_WARN_BOOL_CONVERSION = YES;
				CLANG_WARN_COMMA = YES;
				CLANG_WARN_CONSTANT_CONVERSION = YES;
				CLANG_WARN_DEPRECATED_OBJC_IMPLEMENTATIONS = YES;
				CLANG_WARN_DIRECT_OBJC_ISA_USAGE = YES_ERROR;
				CLANG_WARN_DOCUMENTATION_COMMENTS = YES;
				CLANG_WARN_EMPTY_BODY = YES;
				CLANG_WARN_ENUM_CONVERSION = YES;
				CLANG_WARN_INFINITE_RECURSION = YES;
				CLANG_WARN_INT_CONVERSION = YES;
				CLANG_WARN_NON_LITERAL_NULL_CONVERSION = YES;
				CLANG_WARN_OBJC_IMPLICIT_RETAIN_SELF = YES;
				CLANG_WARN_OBJC_LITERAL_CONVERSION = YES;
				CLANG_WARN_OBJC_ROOT_CLASS = YES_ERROR;
				CLANG_WARN_QUOTED_INCLUDE_IN_FRAMEWORK_HEADER = YES;
				CLANG_WARN_RANGE_LOOP_ANALYSIS = YES;
				CLANG_WARN_STRICT_PROTOTYPES = YES;
				CLANG_WARN_SUSPICIOUS_MOVE = YES;
				CLANG_WARN_UNGUARDED_AVAILABILITY = YES_AGGRESSIVE;
				CLANG_WARN_UNREACHABLE_CODE = YES;
				CLANG_WARN__DUPLICATE_METHOD_MATCH = YES;
				COPY_PHASE_STRIP = NO;
				DEBUG_INFORMATION_FORMAT = dwarf;
				ENABLE_STRICT_OBJC_MSGSEND = YES;
				ENABLE_TESTABILITY = YES;
				ENABLE_USER_SCRIPT_SANDBOXING = YES;
				GCC_C_LANGUAGE_STANDARD = gnu17;
				GCC_DYNAMIC_NO_PIC = NO;
				GCC_NO_COMMON_BLOCKS = YES;
				GCC_OPTIMIZATION_LEVEL = 0;
				GCC_PREPROCESSOR_DEFINITIONS = (
					"DEBUG=1",
					"$(inherited)",
				);
				GCC_WARN_64_TO_32_BIT_CONVERSION = YES;
				GCC_WARN_ABOUT_RETURN_TYPE = YES_ERROR;
				GCC_WARN_UNDECLARED_SELECTOR = YES;
				GCC_WARN_UNINITIALIZED_AUTOS = YES_AGGRESSIVE;
				GCC_WARN_UNUSED_FUNCTION = YES;
				GCC_WARN_UNUSED_VARIABLE = YES;
				IPHONEOS_DEPLOYMENT_TARGET = 18.0;
				LOCALIZATION_PREFERS_STRING_CATALOGS = YES;
				MTL_ENABLE_DEBUG_INFO = INCLUDE_SOURCE;
				MTL_FAST_MATH = YES;
				ONLY_ACTIVE_ARCH = YES;
				SDKROOT = iphoneos;
				SWIFT_ACTIVE_COMPILATION_CONDITIONS = "DEBUG $(inherited)";
				SWIFT_OPTIMIZATION_LEVEL = "-Onone";
			};
			name = Debug;
		};
		1BB9BF782CCD3710000F35FB /* Release */ = {
			isa = XCBuildConfiguration;
			buildSettings = {
				ALWAYS_SEARCH_USER_PATHS = NO;
				ASSETCATALOG_COMPILER_GENERATE_SWIFT_ASSET_SYMBOL_EXTENSIONS = YES;
				CLANG_ANALYZER_NONNULL = YES;
				CLANG_ANALYZER_NUMBER_OBJECT_CONVERSION = YES_AGGRESSIVE;
				CLANG_CXX_LANGUAGE_STANDARD = "gnu++20";
				CLANG_ENABLE_MODULES = YES;
				CLANG_ENABLE_OBJC_ARC = YES;
				CLANG_ENABLE_OBJC_WEAK = YES;
				CLANG_WARN_BLOCK_CAPTURE_AUTORELEASING = YES;
				CLANG_WARN_BOOL_CONVERSION = YES;
				CLANG_WARN_COMMA = YES;
				CLANG_WARN_CONSTANT_CONVERSION = YES;
				CLANG_WARN_DEPRECATED_OBJC_IMPLEMENTATIONS = YES;
				CLANG_WARN_DIRECT_OBJC_ISA_USAGE = YES_ERROR;
				CLANG_WARN_DOCUMENTATION_COMMENTS = YES;
				CLANG_WARN_EMPTY_BODY = YES;
				CLANG_WARN_ENUM_CONVERSION = YES;
				CLANG_WARN_INFINITE_RECURSION = YES;
				CLANG_WARN_INT_CONVERSION = YES;
				CLANG_WARN_NON_LITERAL_NULL_CONVERSION = YES;
				CLANG_WARN_OBJC_IMPLICIT_RETAIN_SELF = YES;
				CLANG_WARN_OBJC_LITERAL_CONVERSION = YES;
				CLANG_WARN_OBJC_ROOT_CLASS = YES_ERROR;
				CLANG_WARN_QUOTED_INCLUDE_IN_FRAMEWORK_HEADER = YES;
				CLANG_WARN_RANGE_LOOP_ANALYSIS = YES;
				CLANG_WARN_STRICT_PROTOTYPES = YES;
				CLANG_WARN_SUSPICIOUS_MOVE = YES;
				CLANG_WARN_UNGUARDED_AVAILABILITY = YES_AGGRESSIVE;
				CLANG_WARN_UNREACHABLE_CODE = YES;
				CLANG_WARN__DUPLICATE_METHOD_MATCH = YES;
				COPY_PHASE_STRIP = NO;
				DEBUG_INFORMATION_FORMAT = "dwarf-with-dsym";
				ENABLE_NS_ASSERTIONS = NO;
				ENABLE_STRICT_OBJC_MSGSEND = YES;
				ENABLE_USER_SCRIPT_SANDBOXING = YES;
				GCC_C_LANGUAGE_STANDARD = gnu17;
				GCC_NO_COMMON_BLOCKS = YES;
				GCC_WARN_64_TO_32_BIT_CONVERSION = YES;
				GCC_WARN_ABOUT_RETURN_TYPE = YES_ERROR;
				GCC_WARN_UNDECLARED_SELECTOR = YES;
				GCC_WARN_UNINITIALIZED_AUTOS = YES_AGGRESSIVE;
				GCC_WARN_UNUSED_FUNCTION = YES;
				GCC_WARN_UNUSED_VARIABLE = YES;
				IPHONEOS_DEPLOYMENT_TARGET = 18.0;
				LOCALIZATION_PREFERS_STRING_CATALOGS = YES;
				MTL_ENABLE_DEBUG_INFO = NO;
				MTL_FAST_MATH = YES;
				SDKROOT = iphoneos;
				SWIFT_COMPILATION_MODE = wholemodule;
				VALIDATE_PRODUCT = YES;
			};
			name = Release;
		};
		1BB9BF7A2CCD3710000F35FB /* Debug */ = {
			isa = XCBuildConfiguration;
			buildSettings = {
				ASSETCATALOG_COMPILER_APPICON_NAME = AppIcon;
				ASSETCATALOG_COMPILER_GLOBAL_ACCENT_COLOR_NAME = AccentColor;
				CODE_SIGN_STYLE = Automatic;
				CURRENT_PROJECT_VERSION = 1;
				DEVELOPMENT_ASSET_PATHS = "\"RandomEarTraining/Preview Content\"";
				DEVELOPMENT_TEAM = PHZ948GF79;
				ENABLE_PREVIEWS = YES;
				GENERATE_INFOPLIST_FILE = YES;
				INFOPLIST_KEY_UIApplicationSceneManifest_Generation = YES;
				INFOPLIST_KEY_UIApplicationSupportsIndirectInputEvents = YES;
				INFOPLIST_KEY_UILaunchScreen_Generation = YES;
				INFOPLIST_KEY_UISupportedInterfaceOrientations_iPad = "UIInterfaceOrientationPortrait UIInterfaceOrientationPortraitUpsideDown UIInterfaceOrientationLandscapeLeft UIInterfaceOrientationLandscapeRight";
				INFOPLIST_KEY_UISupportedInterfaceOrientations_iPhone = "UIInterfaceOrientationPortrait UIInterfaceOrientationLandscapeLeft UIInterfaceOrientationLandscapeRight";
				LD_RUNPATH_SEARCH_PATHS = (
					"$(inherited)",
					"@executable_path/Frameworks",
				);
				MARKETING_VERSION = 1.0;
				PRODUCT_BUNDLE_IDENTIFIER = dumjax.RandomEarTraining;
				PRODUCT_NAME = "$(TARGET_NAME)";
				SWIFT_EMIT_LOC_STRINGS = YES;
				SWIFT_VERSION = 5.0;
				TARGETED_DEVICE_FAMILY = "1,2";
			};
			name = Debug;
		};
		1BB9BF7B2CCD3710000F35FB /* Release */ = {
			isa = XCBuildConfiguration;
			buildSettings = {
				ASSETCATALOG_COMPILER_APPICON_NAME = AppIcon;
				ASSETCATALOG_COMPILER_GLOBAL_ACCENT_COLOR_NAME = AccentColor;
				CODE_SIGN_STYLE = Automatic;
				CURRENT_PROJECT_VERSION = 1;
				DEVELOPMENT_ASSET_PATHS = "\"RandomEarTraining/Preview Content\"";
				DEVELOPMENT_TEAM = PHZ948GF79;
				ENABLE_PREVIEWS = YES;
				GENERATE_INFOPLIST_FILE = YES;
				INFOPLIST_KEY_UIApplicationSceneManifest_Generation = YES;
				INFOPLIST_KEY_UIApplicationSupportsIndirectInputEvents = YES;
				INFOPLIST_KEY_UILaunchScreen_Generation = YES;
				INFOPLIST_KEY_UISupportedInterfaceOrientations_iPad = "UIInterfaceOrientationPortrait UIInterfaceOrientationPortraitUpsideDown UIInterfaceOrientationLandscapeLeft UIInterfaceOrientationLandscapeRight";
				INFOPLIST_KEY_UISupportedInterfaceOrientations_iPhone = "UIInterfaceOrientationPortrait UIInterfaceOrientationLandscapeLeft UIInterfaceOrientationLandscapeRight";
				LD_RUNPATH_SEARCH_PATHS = (
					"$(inherited)",
					"@executable_path/Frameworks",
				);
				MARKETING_VERSION = 1.0;
				PRODUCT_BUNDLE_IDENTIFIER = dumjax.RandomEarTraining;
				PRODUCT_NAME = "$(TARGET_NAME)";
				SWIFT_EMIT_LOC_STRINGS = YES;
				SWIFT_VERSION = 5.0;
				TARGETED_DEVICE_FAMILY = "1,2";
			};
			name = Release;
		};
		1BB9BF7D2CCD3710000F35FB /* Debug */ = {
			isa = XCBuildConfiguration;
			buildSettings = {
				BUNDLE_LOADER = "$(TEST_HOST)";
				CODE_SIGN_STYLE = Automatic;
				CURRENT_PROJECT_VERSION = 1;
				DEVELOPMENT_TEAM = PHZ948GF79;
				GENERATE_INFOPLIST_FILE = YES;
				IPHONEOS_DEPLOYMENT_TARGET = 18.0;
				MARKETING_VERSION = 1.0;
				PRODUCT_BUNDLE_IDENTIFIER = dumjax.RandomEarTrainingTests;
				PRODUCT_NAME = "$(TARGET_NAME)";
				SWIFT_EMIT_LOC_STRINGS = NO;
				SWIFT_VERSION = 5.0;
				TARGETED_DEVICE_FAMILY = "1,2";
				TEST_HOST = "$(BUILT_PRODUCTS_DIR)/RandomEarTraining.app/$(BUNDLE_EXECUTABLE_FOLDER_PATH)/RandomEarTraining";
			};
			name = Debug;
		};
		1BB9BF7E2CCD3710000F35FB /* Release */ = {
			isa = XCBuildConfiguration;
			buildSettings = {
				BUNDLE_LOADER = "$(TEST_HOST)";
				CODE_SIGN_STYLE = Automatic;
				CURRENT_PROJECT_VERSION = 1;
				DEVELOPMENT_TEAM = PHZ948GF79;
				GENERATE_INFOPLIST_FILE = YES;
				IPHONEOS_DEPLOYMENT_TARGET = 18.0;
				MARKETING_VERSION = 1.0;
				PRODUCT_BUNDLE_IDENTIFIER = dumjax.RandomEarTrainingTests;
				PRODUCT_NAME = "$(TARGET_NAME)";
				SWIFT_EMIT_LOC_STRINGS = NO;
				SWIFT_VERSION = 5.0;
				TARGETED_DEVICE_FAMILY = "1,2";
				TEST_HOST = "$(BUILT_PRODUCTS_DIR)/RandomEarTraining.app/$(BUNDLE_EXECUTABLE_FOLDER_PATH)/RandomEarTraining";
			};
			name = Release;
		};
		1BB9BF802CCD3710000F35FB /* Debug */ = {
			isa = XCBuildConfiguration;
			buildSettings = {
				CODE_SIGN_STYLE = Automatic;
				CURRENT_PROJECT_VERSION = 1;
				DEVELOPMENT_TEAM = PHZ948GF79;
				GENERATE_INFOPLIST_FILE = YES;
				MARKETING_VERSION = 1.0;
				PRODUCT_BUNDLE_IDENTIFIER = dumjax.RandomEarTrainingUITests;
				PRODUCT_NAME = "$(TARGET_NAME)";
				SWIFT_EMIT_LOC_STRINGS = NO;
				SWIFT_VERSION = 5.0;
				TARGETED_DEVICE_FAMILY = "1,2";
				TEST_TARGET_NAME = RandomEarTraining;
			};
			name = Debug;
		};
		1BB9BF812CCD3710000F35FB /* Release */ = {
			isa = XCBuildConfiguration;
			buildSettings = {
				CODE_SIGN_STYLE = Automatic;
				CURRENT_PROJECT_VERSION = 1;
				DEVELOPMENT_TEAM = PHZ948GF79;
				GENERATE_INFOPLIST_FILE = YES;
				MARKETING_VERSION = 1.0;
				PRODUCT_BUNDLE_IDENTIFIER = dumjax.RandomEarTrainingUITests;
				PRODUCT_NAME = "$(TARGET_NAME)";
				SWIFT_EMIT_LOC_STRINGS = NO;
				SWIFT_VERSION = 5.0;
				TARGETED_DEVICE_FAMILY = "1,2";
				TEST_TARGET_NAME = RandomEarTraining;
			};
			name = Release;
		};
/* End XCBuildConfiguration section */

/* Begin XCConfigurationList section */
		1BB9BF502CCD370E000F35FB /* Build configuration list for PBXProject "RandomEarTraining" */ = {
			isa = XCConfigurationList;
			buildConfigurations = (
				1BB9BF772CCD3710000F35FB /* Debug */,
				1BB9BF782CCD3710000F35FB /* Release */,
			);
			defaultConfigurationIsVisible = 0;
			defaultConfigurationName = Release;
		};
		1BB9BF792CCD3710000F35FB /* Build configuration list for PBXNativeTarget "RandomEarTraining" */ = {
			isa = XCConfigurationList;
			buildConfigurations = (
				1BB9BF7A2CCD3710000F35FB /* Debug */,
				1BB9BF7B2CCD3710000F35FB /* Release */,
			);
			defaultConfigurationIsVisible = 0;
			defaultConfigurationName = Release;
		};
		1BB9BF7C2CCD3710000F35FB /* Build configuration list for PBXNativeTarget "RandomEarTrainingTests" */ = {
			isa = XCConfigurationList;
			buildConfigurations = (
				1BB9BF7D2CCD3710000F35FB /* Debug */,
				1BB9BF7E2CCD3710000F35FB /* Release */,
			);
			defaultConfigurationIsVisible = 0;
			defaultConfigurationName = Release;
		};
		1BB9BF7F2CCD3710000F35FB /* Build configuration list for PBXNativeTarget "RandomEarTrainingUITests" */ = {
			isa = XCConfigurationList;
			buildConfigurations = (
				1BB9BF802CCD3710000F35FB /* Debug */,
				1BB9BF812CCD3710000F35FB /* Release */,
			);
			defaultConfigurationIsVisible = 0;
			defaultConfigurationName = Release;
		};
/* End XCConfigurationList section */
	};
	rootObject = 1BB9BF4D2CCD370E000F35FB /* Project object */;
}
